github.com/martignoni/hugo-notice v0.0.0-20250320135530-d7e24b0222d4 h1:rrCIACq6uJVIVqQNSBNukxW4KbH/Hv9VN3nfLbYwClI=
github.com/martignoni/hugo-notice v0.0.0-20250320135530-d7e24b0222d4/go.mod h1:MIQPOMgEcbyRC0gNLzQFSgrS+wIy3RuQ/HbaZYtTOKU=
github.com/math-queiroz/rusty-typewriter v0.0.0-20260520194904-fa5efc592d50 h1:lnR27geILPwSAXQtEyu60QH1CL4LDcOjeK+9AqNek8M=
github.com/math-queiroz/rusty-typewriter v0.0.0-20260520194904-fa5efc592d50/go.mod h1:eev/9/LfgyaATVBy5e3fvgyVrw2MPFwqvqEE/P8SBSs=
